
Microsoft Visual Studio Solution File, Format Version 11.00
# Visual Studio 2010
Project("{FAE04EC0-301F-11D3-BF4B-00C04F79EFBC}") = "BSU", "Assembly-CSharp.csproj", "{FCB7179E-9402-2EE1-94DE-8AF3255AF2B1}"
EndProject
Global
	GlobalSection(SolutionConfigurationPlatforms) = preSolution
		Debug|Any CPU = Debug|Any CPU
		Release|Any CPU = Release|Any CPU
	EndGlobalSection
	GlobalSection(ProjectConfigurationPlatforms) = postSolution
		{FCB7179E-9402-2EE1-94DE-8AF3255AF2B1}.Debug|Any CPU.ActiveCfg = Debug|Any CPU
		{FCB7179E-9402-2EE1-94DE-8AF3255AF2B1}.Debug|Any CPU.Build.0 = Debug|Any CPU
		{FCB7179E-9402-2EE1-94DE-8AF3255AF2B1}.Release|Any CPU.ActiveCfg = Release|Any CPU
		{FCB7179E-9402-2EE1-94DE-8AF3255AF2B1}.Release|Any CPU.Build.0 = Release|Any CPU
	EndGlobalSection
	GlobalSection(SolutionProperties) = preSolution
		HideSolutionNode = FALSE
	EndGlobalSection
	GlobalSection(MonoDevelopProperties) = preSolution
		StartupItem = Assembly-CSharp.csproj
	EndGlobalSection
EndGlobal
